
Microsoft Visual Studio Solution File, Format Version 12.00
# Visual Studio Version 17
VisualStudioVersion = 17.0.31919.166
MinimumVisualStudioVersion = 10.0.40219.1
Project("{FAE04EC0-301F-11D3-BF4B-00C04F79EFBC}") = "Calculator_1", "Calculator_1.csproj", "{69DC4270-AA71-4D03-ACD7-599FD48301CC}"
EndProject
Global
	GlobalSection(SolutionConfigurationPlatforms) = preSolution
		Debug|Any CPU = Debug|Any CPU
		Release|Any CPU = Release|Any CPU
	EndGlobalSection
	GlobalSection(ProjectConfigurationPlatforms) = postSolution
		{69DC4270-AA71-4D03-ACD7-599FD48301CC}.Debug|Any CPU.ActiveCfg = Debug|Any CPU
		{69DC4270-AA71-4D03-ACD7-599FD48301CC}.Debug|Any CPU.Build.0 = Debug|Any CPU
		{69DC4270-AA71-4D03-ACD7-599FD48301CC}.Release|Any CPU.ActiveCfg = Release|Any CPU
		{69DC4270-AA71-4D03-ACD7-599FD48301CC}.Release|Any CPU.Build.0 = Release|Any CPU
	EndGlobalSection
	GlobalSection(SolutionProperties) = preSolution
		HideSolutionNode = FALSE
	EndGlobalSection
	GlobalSection(ExtensibilityGlobals) = postSolution
		SolutionGuid = {7ECBDB4E-176E-40FD-B042-E796EC0E4B26}
	EndGlobalSection
EndGlobal
